
Microsoft Visual Studio Solution File, Format Version 12.00
# Visual Studio 15
VisualStudioVersion = 15.0.27703.2047
MinimumVisualStudioVersion = 10.0.40219.1
Project("{FAE04EC0-301F-11D3-BF4B-00C04F79EFBC}") = "TerrLauncherPackCreator", "TerrLauncherPackCreator\TerrLauncherPackCreator.csproj", "{7645E727-D062-4E3E-A1D9-1C13BBDFD80B}"
EndProject
Global
	GlobalSection(SolutionConfigurationPlatforms) = preSolution
		Debug|Any CPU = Debug|Any CPU
		Release|Any CPU = Release|Any CPU
	EndGlobalSection
	GlobalSection(ProjectConfigurationPlatforms) = postSolution
		{7645E727-D062-4E3E-A1D9-1C13BBDFD80B}.Debug|Any CPU.ActiveCfg = Debug|Any CPU
		{7645E727-D062-4E3E-A1D9-1C13BBDFD80B}.Debug|Any CPU.Build.0 = Debug|Any CPU
		{7645E727-D062-4E3E-A1D9-1C13BBDFD80B}.Release|Any CPU.ActiveCfg = Release|Any CPU
		{7645E727-D062-4E3E-A1D9-1C13BBDFD80B}.Release|Any CPU.Build.0 = Release|Any CPU
	EndGlobalSection
	GlobalSection(SolutionProperties) = preSolution
		HideSolutionNode = FALSE
	EndGlobalSection
	GlobalSection(ExtensibilityGlobals) = postSolution
		SolutionGuid = {2607A5A8-C626-4989-827B-C3BAEB9D58FB}
	EndGlobalSection
EndGlobal
