
Microsoft Visual Studio Solution File, Format Version 12.00
# Visual Studio 15
VisualStudioVersion = 15.0.27703.2047
MinimumVisualStudioVersion = 10.0.40219.1
Project("{FAE04EC0-301F-11D3-BF4B-00C04F79EFBC}") = "TerrLauncherPackCreator", "TerrLauncherPackCreator\TerrLauncherPackCreator.csproj", "{7645E727-D062-4E3E-A1D9-1C13BBDFD80B}"
EndProject
Project("{FAE04EC0-301F-11D3-BF4B-00C04F79EFBC}") = "TerrLauncherPackCreatorTests", "TerrLauncherPackCreatorTests\TerrLauncherPackCreatorTests.csproj", "{AC241444-0A7D-4696-9477-EFA4B3D2835B}"
EndProject
Project("{FAE04EC0-301F-11D3-BF4B-00C04F79EFBC}") = "TerrLauncherPackCreatorUpdater", "TerrLauncherPackCreatorUpdater\TerrLauncherPackCreatorUpdater.csproj", "{D9CB589C-D3BC-4B09-AC6D-0AA95BAB993E}"
EndProject
Project("{FAE04EC0-301F-11D3-BF4B-00C04F79EFBC}") = "CommonLibrary", "CommonLibrary\CommonLibrary.csproj", "{C963037D-1C4B-4387-BF22-5E15444DF3F5}"
EndProject
Project("{FAE04EC0-301F-11D3-BF4B-00C04F79EFBC}") = "PackCreatorMobile", "PackCreatorMobile\PackCreatorMobile\PackCreatorMobile.csproj", "{609653FF-6668-4FFD-973C-CB99D2B5E859}"
EndProject
Project("{FAE04EC0-301F-11D3-BF4B-00C04F79EFBC}") = "PackCreatorMobile.Android", "PackCreatorMobile\PackCreatorMobile.Android\PackCreatorMobile.Android.csproj", "{0FEC914E-DBDA-431B-8B06-EAEB31996D69}"
EndProject
Project("{FAE04EC0-301F-11D3-BF4B-00C04F79EFBC}") = "PackCreatorMobile.iOS", "PackCreatorMobile\PackCreatorMobile.iOS\PackCreatorMobile.iOS.csproj", "{581D29FF-3B9C-4C93-8281-A49B94ED38CB}"
EndProject
Project("{FAE04EC0-301F-11D3-BF4B-00C04F79EFBC}") = "MVVM-Tools", "MVVM-Tools\MVVM-Tools.csproj", "{C3DFC8FD-F0F6-4B5A-8682-ECA4DA33B02D}"
EndProject
Project("{FAE04EC0-301F-11D3-BF4B-00C04F79EFBC}") = "CrossPlatform", "CrossPlatform\CrossPlatform.csproj", "{29838EBC-7788-459B-BC5D-3900473A818B}"
EndProject
Global
	GlobalSection(SolutionConfigurationPlatforms) = preSolution
		Debug|Any CPU = Debug|Any CPU
		Release|Any CPU = Release|Any CPU
	EndGlobalSection
	GlobalSection(ProjectConfigurationPlatforms) = postSolution
		{7645E727-D062-4E3E-A1D9-1C13BBDFD80B}.Debug|Any CPU.ActiveCfg = Debug|Any CPU
		{7645E727-D062-4E3E-A1D9-1C13BBDFD80B}.Debug|Any CPU.Build.0 = Debug|Any CPU
		{7645E727-D062-4E3E-A1D9-1C13BBDFD80B}.Release|Any CPU.ActiveCfg = Release|Any CPU
		{7645E727-D062-4E3E-A1D9-1C13BBDFD80B}.Release|Any CPU.Build.0 = Release|Any CPU
		{AC241444-0A7D-4696-9477-EFA4B3D2835B}.Debug|Any CPU.ActiveCfg = Debug|Any CPU
		{AC241444-0A7D-4696-9477-EFA4B3D2835B}.Debug|Any CPU.Build.0 = Debug|Any CPU
		{AC241444-0A7D-4696-9477-EFA4B3D2835B}.Release|Any CPU.ActiveCfg = Release|Any CPU
		{AC241444-0A7D-4696-9477-EFA4B3D2835B}.Release|Any CPU.Build.0 = Release|Any CPU
		{D9CB589C-D3BC-4B09-AC6D-0AA95BAB993E}.Debug|Any CPU.ActiveCfg = Debug|Any CPU
		{D9CB589C-D3BC-4B09-AC6D-0AA95BAB993E}.Debug|Any CPU.Build.0 = Debug|Any CPU
		{D9CB589C-D3BC-4B09-AC6D-0AA95BAB993E}.Release|Any CPU.ActiveCfg = Release|Any CPU
		{D9CB589C-D3BC-4B09-AC6D-0AA95BAB993E}.Release|Any CPU.Build.0 = Release|Any CPU
		{C963037D-1C4B-4387-BF22-5E15444DF3F5}.Debug|Any CPU.ActiveCfg = Debug|Any CPU
		{C963037D-1C4B-4387-BF22-5E15444DF3F5}.Debug|Any CPU.Build.0 = Debug|Any CPU
		{C963037D-1C4B-4387-BF22-5E15444DF3F5}.Release|Any CPU.ActiveCfg = Release|Any CPU
		{C963037D-1C4B-4387-BF22-5E15444DF3F5}.Release|Any CPU.Build.0 = Release|Any CPU
		{609653FF-6668-4FFD-973C-CB99D2B5E859}.Debug|Any CPU.ActiveCfg = Debug|Any CPU
		{609653FF-6668-4FFD-973C-CB99D2B5E859}.Debug|Any CPU.Build.0 = Debug|Any CPU
		{609653FF-6668-4FFD-973C-CB99D2B5E859}.Release|Any CPU.ActiveCfg = Release|Any CPU
		{609653FF-6668-4FFD-973C-CB99D2B5E859}.Release|Any CPU.Build.0 = Release|Any CPU
		{0FEC914E-DBDA-431B-8B06-EAEB31996D69}.Debug|Any CPU.ActiveCfg = Debug|Any CPU
		{0FEC914E-DBDA-431B-8B06-EAEB31996D69}.Debug|Any CPU.Build.0 = Debug|Any CPU
		{0FEC914E-DBDA-431B-8B06-EAEB31996D69}.Release|Any CPU.ActiveCfg = Release|Any CPU
		{0FEC914E-DBDA-431B-8B06-EAEB31996D69}.Release|Any CPU.Build.0 = Release|Any CPU
		{581D29FF-3B9C-4C93-8281-A49B94ED38CB}.Debug|Any CPU.ActiveCfg = Debug|iPhoneSimulator
		{581D29FF-3B9C-4C93-8281-A49B94ED38CB}.Debug|Any CPU.Build.0 = Debug|iPhoneSimulator
		{581D29FF-3B9C-4C93-8281-A49B94ED38CB}.Release|Any CPU.ActiveCfg = Release|iPhoneSimulator
		{581D29FF-3B9C-4C93-8281-A49B94ED38CB}.Release|Any CPU.Build.0 = Release|iPhoneSimulator
		{C3DFC8FD-F0F6-4B5A-8682-ECA4DA33B02D}.Debug|Any CPU.ActiveCfg = Debug|Any CPU
		{C3DFC8FD-F0F6-4B5A-8682-ECA4DA33B02D}.Debug|Any CPU.Build.0 = Debug|Any CPU
		{C3DFC8FD-F0F6-4B5A-8682-ECA4DA33B02D}.Release|Any CPU.ActiveCfg = Release|Any CPU
		{C3DFC8FD-F0F6-4B5A-8682-ECA4DA33B02D}.Release|Any CPU.Build.0 = Release|Any CPU
		{29838EBC-7788-459B-BC5D-3900473A818B}.Debug|Any CPU.ActiveCfg = Debug|Any CPU
		{29838EBC-7788-459B-BC5D-3900473A818B}.Debug|Any CPU.Build.0 = Debug|Any CPU
		{29838EBC-7788-459B-BC5D-3900473A818B}.Release|Any CPU.ActiveCfg = Release|Any CPU
		{29838EBC-7788-459B-BC5D-3900473A818B}.Release|Any CPU.Build.0 = Release|Any CPU
	EndGlobalSection
	GlobalSection(SolutionProperties) = preSolution
		HideSolutionNode = FALSE
	EndGlobalSection
	GlobalSection(ExtensibilityGlobals) = postSolution
		SolutionGuid = {2607A5A8-C626-4989-827B-C3BAEB9D58FB}
	EndGlobalSection
EndGlobal
